
Microsoft Visual Studio Solution File, Format Version 12.00
# Visual Studio 15
VisualStudioVersion = 15.0.27428.1
MinimumVisualStudioVersion = 10.0.40219.1
Project("{FAE04EC0-301F-11D3-BF4B-00C04F79EFBC}") = "C01.HelloWorld", "C01.HelloWorld\C01.HelloWorld.csproj", "{0F06F999-A582-4C5E-A70B-39B99C3A7FB1}"
EndProject
Project("{FAE04EC0-301F-11D3-BF4B-00C04F79EFBC}") = "BaseContainer", "BaseContainer\BaseContainer.csproj", "{89C77B8E-6F26-410E-8C5E-1FC0659A2E43}"
EndProject
Project("{FAE04EC0-301F-11D3-BF4B-00C04F79EFBC}") = "Chapter01_02", "Chapter01_02\Chapter01_02.csproj", "{BEFB6B4C-DB78-434C-BE9C-D014C062118E}"
EndProject
Project("{FAE04EC0-301F-11D3-BF4B-00C04F79EFBC}") = "Chapter01_03", "Chapter01_03\Chapter01_03.csproj", "{AB0EC854-D64A-4CF2-BC37-879B14ED4EA8}"
EndProject
Project("{FAE04EC0-301F-11D3-BF4B-00C04F79EFBC}") = "Chapter08_01", "Chapter08_01\Chapter08_01.csproj", "{58734FF4-DEFD-44B3-A632-E6FEFC84DA58}"
EndProject
Project("{FAE04EC0-301F-11D3-BF4B-00C04F79EFBC}") = "Chapter02_01", "Chapter02_01\Chapter02_01.csproj", "{E3E7B926-2500-4FBA-892E-FF5FED32FEA7}"
EndProject
Project("{FAE04EC0-301F-11D3-BF4B-00C04F79EFBC}") = "Chapter02_02", "Chapter02_02\Chapter02_02.csproj", "{D1FD94DA-1D9B-42B9-BF69-2AB814DB70E7}"
EndProject
Project("{FAE04EC0-301F-11D3-BF4B-00C04F79EFBC}") = "Chapter02_03", "Chapter02_03\Chapter02_03.csproj", "{A1B78578-E649-4156-979C-E76693F69787}"
EndProject
Project("{FAE04EC0-301F-11D3-BF4B-00C04F79EFBC}") = "WinForm02_03", "WinForm02_03\WinForm02_03.csproj", "{45007C62-C5F1-47B9-9ED7-96FB7BFC649D}"
EndProject
Project("{FAE04EC0-301F-11D3-BF4B-00C04F79EFBC}") = "Chapter03_01", "Chaptor03_01\Chapter03_01.csproj", "{64E2F467-2601-498E-A298-0B2A8849FC95}"
EndProject
Project("{FAE04EC0-301F-11D3-BF4B-00C04F79EFBC}") = "Chapter03_02", "Chapter03_02\Chapter03_02.csproj", "{E1820689-F793-449E-8BD6-2111F61467F2}"
EndProject
Project("{FAE04EC0-301F-11D3-BF4B-00C04F79EFBC}") = "Linq1", "Linq1\Linq1.csproj", "{A09D9E94-61A3-4158-BED0-E9F51649CA98}"
EndProject
Global
	GlobalSection(SolutionConfigurationPlatforms) = preSolution
		Debug|Any CPU = Debug|Any CPU
		Release|Any CPU = Release|Any CPU
	EndGlobalSection
	GlobalSection(ProjectConfigurationPlatforms) = postSolution
		{0F06F999-A582-4C5E-A70B-39B99C3A7FB1}.Debug|Any CPU.ActiveCfg = Debug|Any CPU
		{0F06F999-A582-4C5E-A70B-39B99C3A7FB1}.Debug|Any CPU.Build.0 = Debug|Any CPU
		{0F06F999-A582-4C5E-A70B-39B99C3A7FB1}.Release|Any CPU.ActiveCfg = Release|Any CPU
		{0F06F999-A582-4C5E-A70B-39B99C3A7FB1}.Release|Any CPU.Build.0 = Release|Any CPU
		{89C77B8E-6F26-410E-8C5E-1FC0659A2E43}.Debug|Any CPU.ActiveCfg = Debug|Any CPU
		{89C77B8E-6F26-410E-8C5E-1FC0659A2E43}.Debug|Any CPU.Build.0 = Debug|Any CPU
		{89C77B8E-6F26-410E-8C5E-1FC0659A2E43}.Release|Any CPU.ActiveCfg = Release|Any CPU
		{89C77B8E-6F26-410E-8C5E-1FC0659A2E43}.Release|Any CPU.Build.0 = Release|Any CPU
		{BEFB6B4C-DB78-434C-BE9C-D014C062118E}.Debug|Any CPU.ActiveCfg = Debug|Any CPU
		{BEFB6B4C-DB78-434C-BE9C-D014C062118E}.Debug|Any CPU.Build.0 = Debug|Any CPU
		{BEFB6B4C-DB78-434C-BE9C-D014C062118E}.Release|Any CPU.ActiveCfg = Release|Any CPU
		{BEFB6B4C-DB78-434C-BE9C-D014C062118E}.Release|Any CPU.Build.0 = Release|Any CPU
		{AB0EC854-D64A-4CF2-BC37-879B14ED4EA8}.Debug|Any CPU.ActiveCfg = Debug|Any CPU
		{AB0EC854-D64A-4CF2-BC37-879B14ED4EA8}.Debug|Any CPU.Build.0 = Debug|Any CPU
		{AB0EC854-D64A-4CF2-BC37-879B14ED4EA8}.Release|Any CPU.ActiveCfg = Release|Any CPU
		{AB0EC854-D64A-4CF2-BC37-879B14ED4EA8}.Release|Any CPU.Build.0 = Release|Any CPU
		{58734FF4-DEFD-44B3-A632-E6FEFC84DA58}.Debug|Any CPU.ActiveCfg = Debug|Any CPU
		{58734FF4-DEFD-44B3-A632-E6FEFC84DA58}.Debug|Any CPU.Build.0 = Debug|Any CPU
		{58734FF4-DEFD-44B3-A632-E6FEFC84DA58}.Release|Any CPU.ActiveCfg = Release|Any CPU
		{58734FF4-DEFD-44B3-A632-E6FEFC84DA58}.Release|Any CPU.Build.0 = Release|Any CPU
		{E3E7B926-2500-4FBA-892E-FF5FED32FEA7}.Debug|Any CPU.ActiveCfg = Debug|Any CPU
		{E3E7B926-2500-4FBA-892E-FF5FED32FEA7}.Debug|Any CPU.Build.0 = Debug|Any CPU
		{E3E7B926-2500-4FBA-892E-FF5FED32FEA7}.Release|Any CPU.ActiveCfg = Release|Any CPU
		{E3E7B926-2500-4FBA-892E-FF5FED32FEA7}.Release|Any CPU.Build.0 = Release|Any CPU
		{D1FD94DA-1D9B-42B9-BF69-2AB814DB70E7}.Debug|Any CPU.ActiveCfg = Debug|Any CPU
		{D1FD94DA-1D9B-42B9-BF69-2AB814DB70E7}.Debug|Any CPU.Build.0 = Debug|Any CPU
		{D1FD94DA-1D9B-42B9-BF69-2AB814DB70E7}.Release|Any CPU.ActiveCfg = Release|Any CPU
		{D1FD94DA-1D9B-42B9-BF69-2AB814DB70E7}.Release|Any CPU.Build.0 = Release|Any CPU
		{A1B78578-E649-4156-979C-E76693F69787}.Debug|Any CPU.ActiveCfg = Debug|Any CPU
		{A1B78578-E649-4156-979C-E76693F69787}.Debug|Any CPU.Build.0 = Debug|Any CPU
		{A1B78578-E649-4156-979C-E76693F69787}.Release|Any CPU.ActiveCfg = Release|Any CPU
		{A1B78578-E649-4156-979C-E76693F69787}.Release|Any CPU.Build.0 = Release|Any CPU
		{45007C62-C5F1-47B9-9ED7-96FB7BFC649D}.Debug|Any CPU.ActiveCfg = Debug|Any CPU
		{45007C62-C5F1-47B9-9ED7-96FB7BFC649D}.Debug|Any CPU.Build.0 = Debug|Any CPU
		{45007C62-C5F1-47B9-9ED7-96FB7BFC649D}.Release|Any CPU.ActiveCfg = Release|Any CPU
		{45007C62-C5F1-47B9-9ED7-96FB7BFC649D}.Release|Any CPU.Build.0 = Release|Any CPU
		{64E2F467-2601-498E-A298-0B2A8849FC95}.Debug|Any CPU.ActiveCfg = Debug|Any CPU
		{64E2F467-2601-498E-A298-0B2A8849FC95}.Debug|Any CPU.Build.0 = Debug|Any CPU
		{64E2F467-2601-498E-A298-0B2A8849FC95}.Release|Any CPU.ActiveCfg = Release|Any CPU
		{64E2F467-2601-498E-A298-0B2A8849FC95}.Release|Any CPU.Build.0 = Release|Any CPU
		{E1820689-F793-449E-8BD6-2111F61467F2}.Debug|Any CPU.ActiveCfg = Debug|Any CPU
		{E1820689-F793-449E-8BD6-2111F61467F2}.Debug|Any CPU.Build.0 = Debug|Any CPU
		{E1820689-F793-449E-8BD6-2111F61467F2}.Release|Any CPU.ActiveCfg = Release|Any CPU
		{E1820689-F793-449E-8BD6-2111F61467F2}.Release|Any CPU.Build.0 = Release|Any CPU
		{A09D9E94-61A3-4158-BED0-E9F51649CA98}.Debug|Any CPU.ActiveCfg = Debug|Any CPU
		{A09D9E94-61A3-4158-BED0-E9F51649CA98}.Debug|Any CPU.Build.0 = Debug|Any CPU
		{A09D9E94-61A3-4158-BED0-E9F51649CA98}.Release|Any CPU.ActiveCfg = Release|Any CPU
		{A09D9E94-61A3-4158-BED0-E9F51649CA98}.Release|Any CPU.Build.0 = Release|Any CPU
	EndGlobalSection
	GlobalSection(SolutionProperties) = preSolution
		HideSolutionNode = FALSE
	EndGlobalSection
	GlobalSection(ExtensibilityGlobals) = postSolution
		SolutionGuid = {DF40DF46-6426-4165-8189-8E634B37DFA5}
	EndGlobalSection
EndGlobal
